
Microsoft Visual Studio Solution File, Format Version 12.00
# Visual Studio Version 16
VisualStudioVersion = 16.0.31205.134
MinimumVisualStudioVersion = 10.0.40219.1
Project("{FAE04EC0-301F-11D3-BF4B-00C04F79EFBC}") = "GERI_stage_xyz", "GERI_stage_xyz\GERI_stage_xyz.csproj", "{42687ABE-2FEB-4F63-96BD-75848F48FC2B}"
EndProject
Global
	GlobalSection(SolutionConfigurationPlatforms) = preSolution
		Debug|Any CPU = Debug|Any CPU
		Debug|x64 = Debug|x64
		Release|Any CPU = Release|Any CPU
		Release|x64 = Release|x64
	EndGlobalSection
	GlobalSection(ProjectConfigurationPlatforms) = postSolution
		{42687ABE-2FEB-4F63-96BD-75848F48FC2B}.Debug|Any CPU.ActiveCfg = Debug|Any CPU
		{42687ABE-2FEB-4F63-96BD-75848F48FC2B}.Debug|Any CPU.Build.0 = Debug|Any CPU
		{42687ABE-2FEB-4F63-96BD-75848F48FC2B}.Debug|x64.ActiveCfg = Debug|x64
		{42687ABE-2FEB-4F63-96BD-75848F48FC2B}.Debug|x64.Build.0 = Debug|x64
		{42687ABE-2FEB-4F63-96BD-75848F48FC2B}.Release|Any CPU.ActiveCfg = Release|Any CPU
		{42687ABE-2FEB-4F63-96BD-75848F48FC2B}.Release|Any CPU.Build.0 = Release|Any CPU
		{42687ABE-2FEB-4F63-96BD-75848F48FC2B}.Release|x64.ActiveCfg = Release|x64
		{42687ABE-2FEB-4F63-96BD-75848F48FC2B}.Release|x64.Build.0 = Release|x64
	EndGlobalSection
	GlobalSection(SolutionProperties) = preSolution
		HideSolutionNode = FALSE
	EndGlobalSection
	GlobalSection(ExtensibilityGlobals) = postSolution
		SolutionGuid = {F9A261F9-8706-441B-95BF-1F3FCDB75748}
	EndGlobalSection
EndGlobal
